
Microsoft Visual Studio Solution File, Format Version 12.00
# Visual Studio 14
VisualStudioVersion = 14.0.22823.1
MinimumVisualStudioVersion = 10.0.40219.1
Project("{FAE04EC0-301F-11D3-BF4B-00C04F79EFBC}") = "Dota2", "Dota2\Dota2.csproj", "{7825D5E3-9B75-4CB4-A77E-A886CCBCC094}"
EndProject
Project("{2150E333-8FDC-42A3-9474-1A3956D46DE8}") = ".nuget", ".nuget", "{182EF8B6-A00F-4247-9AAF-DA6DAC91557A}"
	ProjectSection(SolutionItems) = preProject
		.nuget\NuGet.Config = .nuget\NuGet.Config
		.nuget\NuGet.exe = .nuget\NuGet.exe
		.nuget\NuGet.targets = .nuget\NuGet.targets
	EndProjectSection
EndProject
Project("{2150E333-8FDC-42A3-9474-1A3956D46DE8}") = "Samples", "Samples", "{E829BAF9-7CE6-4478-8FD4-7749A6106CE3}"
EndProject
Project("{FAE04EC0-301F-11D3-BF4B-00C04F79EFBC}") = "Dota2LobbyDump", "Samples\LobbyDump\Dota2LobbyDump\Dota2LobbyDump.csproj", "{0E3E15EE-37FE-4DB9-8534-9F3BDAF4BFE9}"
EndProject
Project("{FAE04EC0-301F-11D3-BF4B-00C04F79EFBC}") = "Dota2GameConnect", "Samples\GameConnect\Dota2GameConnect\Dota2GameConnect.csproj", "{BF6C7A5E-D73C-4B86-B555-10B2C96939AA}"
EndProject
Project("{2150E333-8FDC-42A3-9474-1A3956D46DE8}") = "Dependencies", "Dependencies", "{EE074C15-54C8-47E8-B7E6-40B738BDEE57}"
EndProject
Project("{FAE04EC0-301F-11D3-BF4B-00C04F79EFBC}") = "Snappy.Sharp", "Resources\Snappy\Snappy.Sharp\Snappy.Sharp.csproj", "{3DE0FF31-8A1D-4485-B725-D120CD91D205}"
EndProject
Global
	GlobalSection(SolutionConfigurationPlatforms) = preSolution
		Debug|Any CPU = Debug|Any CPU
		Debug|x86 = Debug|x86
		Release|Any CPU = Release|Any CPU
		Release|x86 = Release|x86
	EndGlobalSection
	GlobalSection(ProjectConfigurationPlatforms) = postSolution
		{7825D5E3-9B75-4CB4-A77E-A886CCBCC094}.Debug|Any CPU.ActiveCfg = Debug|Any CPU
		{7825D5E3-9B75-4CB4-A77E-A886CCBCC094}.Debug|Any CPU.Build.0 = Debug|Any CPU
		{7825D5E3-9B75-4CB4-A77E-A886CCBCC094}.Debug|x86.ActiveCfg = Debug|Any CPU
		{7825D5E3-9B75-4CB4-A77E-A886CCBCC094}.Debug|x86.Build.0 = Debug|Any CPU
		{7825D5E3-9B75-4CB4-A77E-A886CCBCC094}.Release|Any CPU.ActiveCfg = Release|Any CPU
		{7825D5E3-9B75-4CB4-A77E-A886CCBCC094}.Release|Any CPU.Build.0 = Release|Any CPU
		{7825D5E3-9B75-4CB4-A77E-A886CCBCC094}.Release|x86.ActiveCfg = Release|Any CPU
		{7825D5E3-9B75-4CB4-A77E-A886CCBCC094}.Release|x86.Build.0 = Release|Any CPU
		{0E3E15EE-37FE-4DB9-8534-9F3BDAF4BFE9}.Debug|Any CPU.ActiveCfg = Debug|Any CPU
		{0E3E15EE-37FE-4DB9-8534-9F3BDAF4BFE9}.Debug|Any CPU.Build.0 = Debug|Any CPU
		{0E3E15EE-37FE-4DB9-8534-9F3BDAF4BFE9}.Debug|x86.ActiveCfg = Debug|Any CPU
		{0E3E15EE-37FE-4DB9-8534-9F3BDAF4BFE9}.Debug|x86.Build.0 = Debug|Any CPU
		{0E3E15EE-37FE-4DB9-8534-9F3BDAF4BFE9}.Release|Any CPU.ActiveCfg = Release|Any CPU
		{0E3E15EE-37FE-4DB9-8534-9F3BDAF4BFE9}.Release|Any CPU.Build.0 = Release|Any CPU
		{0E3E15EE-37FE-4DB9-8534-9F3BDAF4BFE9}.Release|x86.ActiveCfg = Release|Any CPU
		{0E3E15EE-37FE-4DB9-8534-9F3BDAF4BFE9}.Release|x86.Build.0 = Release|Any CPU
		{BF6C7A5E-D73C-4B86-B555-10B2C96939AA}.Debug|Any CPU.ActiveCfg = Debug|Any CPU
		{BF6C7A5E-D73C-4B86-B555-10B2C96939AA}.Debug|Any CPU.Build.0 = Debug|Any CPU
		{BF6C7A5E-D73C-4B86-B555-10B2C96939AA}.Debug|x86.ActiveCfg = Debug|Any CPU
		{BF6C7A5E-D73C-4B86-B555-10B2C96939AA}.Debug|x86.Build.0 = Debug|Any CPU
		{BF6C7A5E-D73C-4B86-B555-10B2C96939AA}.Release|Any CPU.ActiveCfg = Release|Any CPU
		{BF6C7A5E-D73C-4B86-B555-10B2C96939AA}.Release|Any CPU.Build.0 = Release|Any CPU
		{BF6C7A5E-D73C-4B86-B555-10B2C96939AA}.Release|x86.ActiveCfg = Release|Any CPU
		{BF6C7A5E-D73C-4B86-B555-10B2C96939AA}.Release|x86.Build.0 = Release|Any CPU
		{3DE0FF31-8A1D-4485-B725-D120CD91D205}.Debug|Any CPU.ActiveCfg = Debug|Any CPU
		{3DE0FF31-8A1D-4485-B725-D120CD91D205}.Debug|Any CPU.Build.0 = Debug|Any CPU
		{3DE0FF31-8A1D-4485-B725-D120CD91D205}.Debug|x86.ActiveCfg = Debug|x86
		{3DE0FF31-8A1D-4485-B725-D120CD91D205}.Debug|x86.Build.0 = Debug|x86
		{3DE0FF31-8A1D-4485-B725-D120CD91D205}.Release|Any CPU.ActiveCfg = Release|Any CPU
		{3DE0FF31-8A1D-4485-B725-D120CD91D205}.Release|Any CPU.Build.0 = Release|Any CPU
		{3DE0FF31-8A1D-4485-B725-D120CD91D205}.Release|x86.ActiveCfg = Release|x86
		{3DE0FF31-8A1D-4485-B725-D120CD91D205}.Release|x86.Build.0 = Release|x86
	EndGlobalSection
	GlobalSection(SolutionProperties) = preSolution
		HideSolutionNode = FALSE
	EndGlobalSection
	GlobalSection(NestedProjects) = preSolution
		{0E3E15EE-37FE-4DB9-8534-9F3BDAF4BFE9} = {E829BAF9-7CE6-4478-8FD4-7749A6106CE3}
		{BF6C7A5E-D73C-4B86-B555-10B2C96939AA} = {E829BAF9-7CE6-4478-8FD4-7749A6106CE3}
		{3DE0FF31-8A1D-4485-B725-D120CD91D205} = {EE074C15-54C8-47E8-B7E6-40B738BDEE57}
	EndGlobalSection
EndGlobal
