
Microsoft Visual Studio Solution File, Format Version 12.00
# Visual Studio 14
VisualStudioVersion = 14.0.22823.1
MinimumVisualStudioVersion = 10.0.40219.1
Project("{FAE04EC0-301F-11D3-BF4B-00C04F79EFBC}") = "Dota2", "Dota2\Dota2.csproj", "{BEB5BF07-BB56-402A-97A3-A41C6444C6A5}"
EndProject
Project("{2150E333-8FDC-42A3-9474-1A3956D46DE8}") = "Dependencies", "Dependencies", "{974EDB96-747B-47AE-A4E1-8BC111790A47}"
EndProject
Project("{FAE04EC0-301F-11D3-BF4B-00C04F79EFBC}") = "Snappy.Sharp", "Dependencies\SnappySharp\Snappy.Sharp\Snappy.Sharp.csproj", "{3DE0FF31-8A1D-4485-B725-D120CD91D205}"
EndProject
Project("{2150E333-8FDC-42A3-9474-1A3956D46DE8}") = "Samples", "Samples", "{AA6F9E48-A1A2-42FB-A7BA-B52EF0BE13CF}"
EndProject
Project("{FAE04EC0-301F-11D3-BF4B-00C04F79EFBC}") = "LobbyDump", "Samples\LobbyDump\Dota2LobbyDump\LobbyDump.csproj", "{0E3E15EE-37FE-4DB9-8534-9F3BDAF4BFE9}"
EndProject
Global
	GlobalSection(SolutionConfigurationPlatforms) = preSolution
		Debug|Any CPU = Debug|Any CPU
		Debug|Mixed Platforms = Debug|Mixed Platforms
		Debug|x86 = Debug|x86
		Release|Any CPU = Release|Any CPU
		Release|Mixed Platforms = Release|Mixed Platforms
		Release|x86 = Release|x86
	EndGlobalSection
	GlobalSection(ProjectConfigurationPlatforms) = postSolution
		{BEB5BF07-BB56-402A-97A3-A41C6444C6A5}.Debug|Any CPU.ActiveCfg = Debug|Any CPU
		{BEB5BF07-BB56-402A-97A3-A41C6444C6A5}.Debug|Any CPU.Build.0 = Debug|Any CPU
		{BEB5BF07-BB56-402A-97A3-A41C6444C6A5}.Debug|Mixed Platforms.ActiveCfg = Debug|Any CPU
		{BEB5BF07-BB56-402A-97A3-A41C6444C6A5}.Debug|Mixed Platforms.Build.0 = Debug|Any CPU
		{BEB5BF07-BB56-402A-97A3-A41C6444C6A5}.Debug|x86.ActiveCfg = Debug|Any CPU
		{BEB5BF07-BB56-402A-97A3-A41C6444C6A5}.Release|Any CPU.ActiveCfg = Release|Any CPU
		{BEB5BF07-BB56-402A-97A3-A41C6444C6A5}.Release|Any CPU.Build.0 = Release|Any CPU
		{BEB5BF07-BB56-402A-97A3-A41C6444C6A5}.Release|Mixed Platforms.ActiveCfg = Release|Any CPU
		{BEB5BF07-BB56-402A-97A3-A41C6444C6A5}.Release|Mixed Platforms.Build.0 = Release|Any CPU
		{BEB5BF07-BB56-402A-97A3-A41C6444C6A5}.Release|x86.ActiveCfg = Release|Any CPU
		{3DE0FF31-8A1D-4485-B725-D120CD91D205}.Debug|Any CPU.ActiveCfg = Debug|Any CPU
		{3DE0FF31-8A1D-4485-B725-D120CD91D205}.Debug|Any CPU.Build.0 = Debug|Any CPU
		{3DE0FF31-8A1D-4485-B725-D120CD91D205}.Debug|Mixed Platforms.ActiveCfg = Debug|x86
		{3DE0FF31-8A1D-4485-B725-D120CD91D205}.Debug|Mixed Platforms.Build.0 = Debug|x86
		{3DE0FF31-8A1D-4485-B725-D120CD91D205}.Debug|x86.ActiveCfg = Debug|x86
		{3DE0FF31-8A1D-4485-B725-D120CD91D205}.Debug|x86.Build.0 = Debug|x86
		{3DE0FF31-8A1D-4485-B725-D120CD91D205}.Release|Any CPU.ActiveCfg = Release|Any CPU
		{3DE0FF31-8A1D-4485-B725-D120CD91D205}.Release|Any CPU.Build.0 = Release|Any CPU
		{3DE0FF31-8A1D-4485-B725-D120CD91D205}.Release|Mixed Platforms.ActiveCfg = Release|x86
		{3DE0FF31-8A1D-4485-B725-D120CD91D205}.Release|Mixed Platforms.Build.0 = Release|x86
		{3DE0FF31-8A1D-4485-B725-D120CD91D205}.Release|x86.ActiveCfg = Release|x86
		{3DE0FF31-8A1D-4485-B725-D120CD91D205}.Release|x86.Build.0 = Release|x86
		{0E3E15EE-37FE-4DB9-8534-9F3BDAF4BFE9}.Debug|Any CPU.ActiveCfg = Debug|Any CPU
		{0E3E15EE-37FE-4DB9-8534-9F3BDAF4BFE9}.Debug|Any CPU.Build.0 = Debug|Any CPU
		{0E3E15EE-37FE-4DB9-8534-9F3BDAF4BFE9}.Debug|Mixed Platforms.ActiveCfg = Debug|Any CPU
		{0E3E15EE-37FE-4DB9-8534-9F3BDAF4BFE9}.Debug|Mixed Platforms.Build.0 = Debug|Any CPU
		{0E3E15EE-37FE-4DB9-8534-9F3BDAF4BFE9}.Debug|x86.ActiveCfg = Debug|Any CPU
		{0E3E15EE-37FE-4DB9-8534-9F3BDAF4BFE9}.Debug|x86.Build.0 = Debug|Any CPU
		{0E3E15EE-37FE-4DB9-8534-9F3BDAF4BFE9}.Release|Any CPU.ActiveCfg = Release|Any CPU
		{0E3E15EE-37FE-4DB9-8534-9F3BDAF4BFE9}.Release|Any CPU.Build.0 = Release|Any CPU
		{0E3E15EE-37FE-4DB9-8534-9F3BDAF4BFE9}.Release|Mixed Platforms.ActiveCfg = Release|Any CPU
		{0E3E15EE-37FE-4DB9-8534-9F3BDAF4BFE9}.Release|Mixed Platforms.Build.0 = Release|Any CPU
		{0E3E15EE-37FE-4DB9-8534-9F3BDAF4BFE9}.Release|x86.ActiveCfg = Release|Any CPU
		{0E3E15EE-37FE-4DB9-8534-9F3BDAF4BFE9}.Release|x86.Build.0 = Release|Any CPU
	EndGlobalSection
	GlobalSection(SolutionProperties) = preSolution
		HideSolutionNode = FALSE
	EndGlobalSection
	GlobalSection(NestedProjects) = preSolution
		{3DE0FF31-8A1D-4485-B725-D120CD91D205} = {974EDB96-747B-47AE-A4E1-8BC111790A47}
		{0E3E15EE-37FE-4DB9-8534-9F3BDAF4BFE9} = {AA6F9E48-A1A2-42FB-A7BA-B52EF0BE13CF}
	EndGlobalSection
EndGlobal
